
Microsoft Visual Studio Solution File, Format Version 12.00
# Visual Studio 15
VisualStudioVersion = 15.0.28307.168
MinimumVisualStudioVersion = 10.0.40219.1
Project("{9A19103F-16F7-4668-BE54-9A1E7A4F7556}") = "Frontend", "AlgoTrader\Frontend.csproj", "{48EE41DC-F99A-4DD9-8A83-3481C38920EC}"
EndProject
Project("{2150E333-8FDC-42A3-9474-1A3956D46DE8}") = "Services", "Services", "{32815021-BDEB-4667-BC7C-1EDE1E29EFFF}"
EndProject
Project("{2150E333-8FDC-42A3-9474-1A3956D46DE8}") = "History", "Services\History", "{9A6BA94B-265F-43DA-B9A8-F4CF0C360F72}"
EndProject
Project("{9A19103F-16F7-4668-BE54-9A1E7A4F7556}") = "History.API", "Services\History\History.API\History.API.csproj", "{EAEE6A38-51D4-4D25-BA33-B5D74651AABE}"
EndProject
Project("{9A19103F-16F7-4668-BE54-9A1E7A4F7556}") = "History.Domain", "Services\History\History.Domain\History.Domain.csproj", "{AD9D7309-2CF6-4FD2-A276-710B7EE2D30A}"
EndProject
Project("{9A19103F-16F7-4668-BE54-9A1E7A4F7556}") = "History.Infrastructure", "Services\History\History.Infrastructure\History.Infrastructure.csproj", "{F5CA57F0-8BC5-40A8-8E92-BE59505A6DF7}"
EndProject
Global
	GlobalSection(SolutionConfigurationPlatforms) = preSolution
		Debug|Any CPU = Debug|Any CPU
		Release|Any CPU = Release|Any CPU
	EndGlobalSection
	GlobalSection(ProjectConfigurationPlatforms) = postSolution
		{48EE41DC-F99A-4DD9-8A83-3481C38920EC}.Debug|Any CPU.ActiveCfg = Debug|Any CPU
		{48EE41DC-F99A-4DD9-8A83-3481C38920EC}.Debug|Any CPU.Build.0 = Debug|Any CPU
		{48EE41DC-F99A-4DD9-8A83-3481C38920EC}.Release|Any CPU.ActiveCfg = Release|Any CPU
		{48EE41DC-F99A-4DD9-8A83-3481C38920EC}.Release|Any CPU.Build.0 = Release|Any CPU
		{EAEE6A38-51D4-4D25-BA33-B5D74651AABE}.Debug|Any CPU.ActiveCfg = Debug|Any CPU
		{EAEE6A38-51D4-4D25-BA33-B5D74651AABE}.Debug|Any CPU.Build.0 = Debug|Any CPU
		{EAEE6A38-51D4-4D25-BA33-B5D74651AABE}.Release|Any CPU.ActiveCfg = Release|Any CPU
		{EAEE6A38-51D4-4D25-BA33-B5D74651AABE}.Release|Any CPU.Build.0 = Release|Any CPU
		{AD9D7309-2CF6-4FD2-A276-710B7EE2D30A}.Debug|Any CPU.ActiveCfg = Debug|Any CPU
		{AD9D7309-2CF6-4FD2-A276-710B7EE2D30A}.Debug|Any CPU.Build.0 = Debug|Any CPU
		{AD9D7309-2CF6-4FD2-A276-710B7EE2D30A}.Release|Any CPU.ActiveCfg = Release|Any CPU
		{AD9D7309-2CF6-4FD2-A276-710B7EE2D30A}.Release|Any CPU.Build.0 = Release|Any CPU
		{F5CA57F0-8BC5-40A8-8E92-BE59505A6DF7}.Debug|Any CPU.ActiveCfg = Debug|Any CPU
		{F5CA57F0-8BC5-40A8-8E92-BE59505A6DF7}.Debug|Any CPU.Build.0 = Debug|Any CPU
		{F5CA57F0-8BC5-40A8-8E92-BE59505A6DF7}.Release|Any CPU.ActiveCfg = Release|Any CPU
		{F5CA57F0-8BC5-40A8-8E92-BE59505A6DF7}.Release|Any CPU.Build.0 = Release|Any CPU
	EndGlobalSection
	GlobalSection(SolutionProperties) = preSolution
		HideSolutionNode = FALSE
	EndGlobalSection
	GlobalSection(NestedProjects) = preSolution
		{9A6BA94B-265F-43DA-B9A8-F4CF0C360F72} = {32815021-BDEB-4667-BC7C-1EDE1E29EFFF}
		{EAEE6A38-51D4-4D25-BA33-B5D74651AABE} = {9A6BA94B-265F-43DA-B9A8-F4CF0C360F72}
		{AD9D7309-2CF6-4FD2-A276-710B7EE2D30A} = {9A6BA94B-265F-43DA-B9A8-F4CF0C360F72}
		{F5CA57F0-8BC5-40A8-8E92-BE59505A6DF7} = {9A6BA94B-265F-43DA-B9A8-F4CF0C360F72}
	EndGlobalSection
	GlobalSection(ExtensibilityGlobals) = postSolution
		SolutionGuid = {E1D69107-5C23-469A-A8EC-5B9EEA105C0C}
	EndGlobalSection
EndGlobal
