
Microsoft Visual Studio Solution File, Format Version 12.00
# Visual Studio 15
VisualStudioVersion = 15.0.28010.2050
MinimumVisualStudioVersion = 10.0.40219.1
Project("{FAE04EC0-301F-11D3-BF4B-00C04F79EFBC}") = "MyVested.Auto", "MyVested.Auto\MyVested.Auto.csproj", "{48EE41DC-F99A-4DD9-8A83-3481C38920EC}"
EndProject
Global
	GlobalSection(SolutionConfigurationPlatforms) = preSolution
		Debug|Any CPU = Debug|Any CPU
		Release|Any CPU = Release|Any CPU
	EndGlobalSection
	GlobalSection(ProjectConfigurationPlatforms) = postSolution
		{48EE41DC-F99A-4DD9-8A83-3481C38920EC}.Debug|Any CPU.ActiveCfg = Debug|Any CPU
		{48EE41DC-F99A-4DD9-8A83-3481C38920EC}.Debug|Any CPU.Build.0 = Debug|Any CPU
		{48EE41DC-F99A-4DD9-8A83-3481C38920EC}.Release|Any CPU.ActiveCfg = Release|Any CPU
		{48EE41DC-F99A-4DD9-8A83-3481C38920EC}.Release|Any CPU.Build.0 = Release|Any CPU
	EndGlobalSection
	GlobalSection(SolutionProperties) = preSolution
		HideSolutionNode = FALSE
	EndGlobalSection
	GlobalSection(ExtensibilityGlobals) = postSolution
		SolutionGuid = {E1D69107-5C23-469A-A8EC-5B9EEA105C0C}
	EndGlobalSection
EndGlobal
