
Microsoft Visual Studio Solution File, Format Version 12.00
# Visual Studio Version 16
VisualStudioVersion = 16.0.28407.52
MinimumVisualStudioVersion = 10.0.40219.1
Project("{2150E333-8FDC-42A3-9474-1A3956D46DE8}") = "Services", "Services", "{32815021-BDEB-4667-BC7C-1EDE1E29EFFF}"
EndProject
Project("{2150E333-8FDC-42A3-9474-1A3956D46DE8}") = "Market", "Market", "{9A6BA94B-265F-43DA-B9A8-F4CF0C360F72}"
EndProject
Project("{9A19103F-16F7-4668-BE54-9A1E7A4F7556}") = "Market.API", "Services\Market\Market.API\Market.API.csproj", "{EAEE6A38-51D4-4D25-BA33-B5D74651AABE}"
EndProject
Project("{9A19103F-16F7-4668-BE54-9A1E7A4F7556}") = "Market.Domain", "Services\Market\Market.Domain\Market.Domain.csproj", "{AD9D7309-2CF6-4FD2-A276-710B7EE2D30A}"
EndProject
Project("{9A19103F-16F7-4668-BE54-9A1E7A4F7556}") = "Market.Infrastructure", "Services\Market\Market.Infrastructure\Market.Infrastructure.csproj", "{F5CA57F0-8BC5-40A8-8E92-BE59505A6DF7}"
EndProject
Project("{2150E333-8FDC-42A3-9474-1A3956D46DE8}") = "Sentiment", "Sentiment", "{2EF750B7-49E2-4B04-AACF-B927777B8F47}"
EndProject
Project("{9A19103F-16F7-4668-BE54-9A1E7A4F7556}") = "Sentiment.API", "Services\Sentiment\Sentiment.API\Sentiment.API.csproj", "{8FF92B05-8DAC-418A-AA3A-70BC2C986F70}"
EndProject
Project("{9A19103F-16F7-4668-BE54-9A1E7A4F7556}") = "Sentiment.Domain", "Services\Sentiment\Sentiment.Domain\Sentiment.Domain.csproj", "{BA631FF4-8015-4A46-B500-C3E0BA18385C}"
EndProject
Project("{9A19103F-16F7-4668-BE54-9A1E7A4F7556}") = "Sentiment.Infrastructure", "Services\Sentiment\Sentiment.Infrastructure\Sentiment.Infrastructure.csproj", "{3C075D57-1C39-4CD4-BE15-00A12E7C708E}"
EndProject
Project("{2150E333-8FDC-42A3-9474-1A3956D46DE8}") = "Arbitrage", "Arbitrage", "{E19A7DBD-FE1D-4B46-AB9B-2CF7AAC224F8}"
EndProject
Project("{9A19103F-16F7-4668-BE54-9A1E7A4F7556}") = "Arbitrage.API", "Services\Arbitrage\Arbitrage.API\Arbitrage.API.csproj", "{8FB940DB-5F3A-427B-95CF-3D452FC0B126}"
EndProject
Project("{9A19103F-16F7-4668-BE54-9A1E7A4F7556}") = "Arbitrage.Domain", "Services\Arbitrage\Arbitrage.Domain\Arbitrage.Domain.csproj", "{7D0A42B5-7A8B-4705-83B2-C548F1950B93}"
EndProject
Project("{9A19103F-16F7-4668-BE54-9A1E7A4F7556}") = "Arbitrage.Infrastructure", "Services\Arbitrage\Arbitrage.Infrastructure\Arbitrage.Infrastructure.csproj", "{FE745231-38ED-4172-B2DD-8C16581D14CC}"
EndProject
Project("{9A19103F-16F7-4668-BE54-9A1E7A4F7556}") = "Sentiment.UnitTests", "Services\Sentiment\Sentiment.UnitTests\Sentiment.UnitTests.csproj", "{CB35F1D2-96D6-46FA-9A35-4FD0E7721CC0}"
EndProject
Project("{9A19103F-16F7-4668-BE54-9A1E7A4F7556}") = "Market.UnitTests", "Services\Market\Market.UnitTests\Market.UnitTests.csproj", "{D8DBFDA4-D1E9-4C5A-B36E-9619A7E97AF5}"
EndProject
Project("{9A19103F-16F7-4668-BE54-9A1E7A4F7556}") = "Arbitrage.UnitTests", "Services\Arbitrage\Arbitrage.UnitTests\Arbitrage.UnitTests.csproj", "{B27191E2-6EEC-4A19-851E-5300FFCA0113}"
EndProject
Project("{E53339B2-1760-4266-BCC7-CA923CBCF16C}") = "docker-compose", "docker-compose.dcproj", "{6DAE9CB2-74E1-4B24-BB7A-3A4B67832032}"
EndProject
Project("{2150E333-8FDC-42A3-9474-1A3956D46DE8}") = "ApiGateways", "ApiGateways", "{CA29C4C8-A5FF-42ED-A050-FBABA15719F6}"
EndProject
Project("{9A19103F-16F7-4668-BE54-9A1E7A4F7556}") = "ApiGw-Base", "ApiGateways\ApiGw-Base\ApiGw-Base.csproj", "{9EC47A96-2F36-4F87-8B93-00D639FC0313}"
EndProject
Project("{2150E333-8FDC-42A3-9474-1A3956D46DE8}") = "Identity", "Identity", "{96464F64-3349-4A8B-B0CF-73833DFEF946}"
EndProject
Project("{2150E333-8FDC-42A3-9474-1A3956D46DE8}") = "BuildingBlocks", "BuildingBlocks", "{55A27821-4B9C-488D-B9F5-51CB66D3F5EA}"
EndProject
Project("{2150E333-8FDC-42A3-9474-1A3956D46DE8}") = "EventBus", "EventBus", "{98CBE05B-D2FE-45F5-9316-EAE35AAFAE48}"
EndProject
Project("{9A19103F-16F7-4668-BE54-9A1E7A4F7556}") = "IntegrationEventLogEF", "BuildingBlocks\EventBus\IntegrationEventLogEF\IntegrationEventLogEF.csproj", "{665EA826-459F-4DAF-AE6C-45268F8E6CE3}"
EndProject
Project("{9A19103F-16F7-4668-BE54-9A1E7A4F7556}") = "EventBusServiceBus", "BuildingBlocks\EventBus\EventBusServiceBus\EventBusServiceBus.csproj", "{30AEF3EF-DBC4-4BEE-ABE9-65C1516AFEA9}"
EndProject
Project("{9A19103F-16F7-4668-BE54-9A1E7A4F7556}") = "EventBusRabbitMQ", "BuildingBlocks\EventBus\EventBusRabbitMQ\EventBusRabbitMQ.csproj", "{C3BCC1CB-5DC0-4E9E-BDBA-7F4961582B23}"
EndProject
Project("{9A19103F-16F7-4668-BE54-9A1E7A4F7556}") = "EventBus.Tests", "BuildingBlocks\EventBus\EventBus.Tests\EventBus.Tests.csproj", "{EE27A3B9-309F-4977-B8F7-77237F43DB34}"
EndProject
Project("{9A19103F-16F7-4668-BE54-9A1E7A4F7556}") = "EventBus", "BuildingBlocks\EventBus\EventBus\EventBus.csproj", "{73622817-EAE0-4D8E-8F2B-AC672FA88555}"
EndProject
Project("{9092AA53-FB77-4645-B42D-1CCCA6BD08BD}") = "Frontend", "Frontend\Frontend.njsproj", "{D8A0AF63-B085-4081-A218-679417333785}"
EndProject
Project("{2150E333-8FDC-42A3-9474-1A3956D46DE8}") = "ExchangeApis", "ExchangeApis", "{923D783C-66C0-4E7A-B998-7576C47EF75A}"
EndProject
Project("{9A19103F-16F7-4668-BE54-9A1E7A4F7556}") = "BtcMarketsApiClient", "Services\Market\ExchangeApis\BtcMarketsClient\BtcMarketsApiClient.csproj", "{71DBC02F-21CC-4721-9FF7-85780718C7F4}"
EndProject
Global
	GlobalSection(SolutionConfigurationPlatforms) = preSolution
		Debug|Any CPU = Debug|Any CPU
		Release|Any CPU = Release|Any CPU
	EndGlobalSection
	GlobalSection(ProjectConfigurationPlatforms) = postSolution
		{EAEE6A38-51D4-4D25-BA33-B5D74651AABE}.Debug|Any CPU.ActiveCfg = Debug|Any CPU
		{EAEE6A38-51D4-4D25-BA33-B5D74651AABE}.Debug|Any CPU.Build.0 = Debug|Any CPU
		{EAEE6A38-51D4-4D25-BA33-B5D74651AABE}.Release|Any CPU.ActiveCfg = Release|Any CPU
		{EAEE6A38-51D4-4D25-BA33-B5D74651AABE}.Release|Any CPU.Build.0 = Release|Any CPU
		{AD9D7309-2CF6-4FD2-A276-710B7EE2D30A}.Debug|Any CPU.ActiveCfg = Debug|Any CPU
		{AD9D7309-2CF6-4FD2-A276-710B7EE2D30A}.Debug|Any CPU.Build.0 = Debug|Any CPU
		{AD9D7309-2CF6-4FD2-A276-710B7EE2D30A}.Release|Any CPU.ActiveCfg = Release|Any CPU
		{AD9D7309-2CF6-4FD2-A276-710B7EE2D30A}.Release|Any CPU.Build.0 = Release|Any CPU
		{F5CA57F0-8BC5-40A8-8E92-BE59505A6DF7}.Debug|Any CPU.ActiveCfg = Debug|Any CPU
		{F5CA57F0-8BC5-40A8-8E92-BE59505A6DF7}.Debug|Any CPU.Build.0 = Debug|Any CPU
		{F5CA57F0-8BC5-40A8-8E92-BE59505A6DF7}.Release|Any CPU.ActiveCfg = Release|Any CPU
		{F5CA57F0-8BC5-40A8-8E92-BE59505A6DF7}.Release|Any CPU.Build.0 = Release|Any CPU
		{8FF92B05-8DAC-418A-AA3A-70BC2C986F70}.Debug|Any CPU.ActiveCfg = Debug|Any CPU
		{8FF92B05-8DAC-418A-AA3A-70BC2C986F70}.Debug|Any CPU.Build.0 = Debug|Any CPU
		{8FF92B05-8DAC-418A-AA3A-70BC2C986F70}.Release|Any CPU.ActiveCfg = Release|Any CPU
		{8FF92B05-8DAC-418A-AA3A-70BC2C986F70}.Release|Any CPU.Build.0 = Release|Any CPU
		{BA631FF4-8015-4A46-B500-C3E0BA18385C}.Debug|Any CPU.ActiveCfg = Debug|Any CPU
		{BA631FF4-8015-4A46-B500-C3E0BA18385C}.Debug|Any CPU.Build.0 = Debug|Any CPU
		{BA631FF4-8015-4A46-B500-C3E0BA18385C}.Release|Any CPU.ActiveCfg = Release|Any CPU
		{BA631FF4-8015-4A46-B500-C3E0BA18385C}.Release|Any CPU.Build.0 = Release|Any CPU
		{3C075D57-1C39-4CD4-BE15-00A12E7C708E}.Debug|Any CPU.ActiveCfg = Debug|Any CPU
		{3C075D57-1C39-4CD4-BE15-00A12E7C708E}.Debug|Any CPU.Build.0 = Debug|Any CPU
		{3C075D57-1C39-4CD4-BE15-00A12E7C708E}.Release|Any CPU.ActiveCfg = Release|Any CPU
		{3C075D57-1C39-4CD4-BE15-00A12E7C708E}.Release|Any CPU.Build.0 = Release|Any CPU
		{8FB940DB-5F3A-427B-95CF-3D452FC0B126}.Debug|Any CPU.ActiveCfg = Debug|Any CPU
		{8FB940DB-5F3A-427B-95CF-3D452FC0B126}.Debug|Any CPU.Build.0 = Debug|Any CPU
		{8FB940DB-5F3A-427B-95CF-3D452FC0B126}.Release|Any CPU.ActiveCfg = Release|Any CPU
		{8FB940DB-5F3A-427B-95CF-3D452FC0B126}.Release|Any CPU.Build.0 = Release|Any CPU
		{7D0A42B5-7A8B-4705-83B2-C548F1950B93}.Debug|Any CPU.ActiveCfg = Debug|Any CPU
		{7D0A42B5-7A8B-4705-83B2-C548F1950B93}.Debug|Any CPU.Build.0 = Debug|Any CPU
		{7D0A42B5-7A8B-4705-83B2-C548F1950B93}.Release|Any CPU.ActiveCfg = Release|Any CPU
		{7D0A42B5-7A8B-4705-83B2-C548F1950B93}.Release|Any CPU.Build.0 = Release|Any CPU
		{FE745231-38ED-4172-B2DD-8C16581D14CC}.Debug|Any CPU.ActiveCfg = Debug|Any CPU
		{FE745231-38ED-4172-B2DD-8C16581D14CC}.Debug|Any CPU.Build.0 = Debug|Any CPU
		{FE745231-38ED-4172-B2DD-8C16581D14CC}.Release|Any CPU.ActiveCfg = Release|Any CPU
		{FE745231-38ED-4172-B2DD-8C16581D14CC}.Release|Any CPU.Build.0 = Release|Any CPU
		{CB35F1D2-96D6-46FA-9A35-4FD0E7721CC0}.Debug|Any CPU.ActiveCfg = Debug|Any CPU
		{CB35F1D2-96D6-46FA-9A35-4FD0E7721CC0}.Debug|Any CPU.Build.0 = Debug|Any CPU
		{CB35F1D2-96D6-46FA-9A35-4FD0E7721CC0}.Release|Any CPU.ActiveCfg = Release|Any CPU
		{CB35F1D2-96D6-46FA-9A35-4FD0E7721CC0}.Release|Any CPU.Build.0 = Release|Any CPU
		{D8DBFDA4-D1E9-4C5A-B36E-9619A7E97AF5}.Debug|Any CPU.ActiveCfg = Debug|Any CPU
		{D8DBFDA4-D1E9-4C5A-B36E-9619A7E97AF5}.Debug|Any CPU.Build.0 = Debug|Any CPU
		{D8DBFDA4-D1E9-4C5A-B36E-9619A7E97AF5}.Release|Any CPU.ActiveCfg = Release|Any CPU
		{D8DBFDA4-D1E9-4C5A-B36E-9619A7E97AF5}.Release|Any CPU.Build.0 = Release|Any CPU
		{B27191E2-6EEC-4A19-851E-5300FFCA0113}.Debug|Any CPU.ActiveCfg = Debug|Any CPU
		{B27191E2-6EEC-4A19-851E-5300FFCA0113}.Debug|Any CPU.Build.0 = Debug|Any CPU
		{B27191E2-6EEC-4A19-851E-5300FFCA0113}.Release|Any CPU.ActiveCfg = Release|Any CPU
		{B27191E2-6EEC-4A19-851E-5300FFCA0113}.Release|Any CPU.Build.0 = Release|Any CPU
		{6DAE9CB2-74E1-4B24-BB7A-3A4B67832032}.Debug|Any CPU.ActiveCfg = Debug|Any CPU
		{6DAE9CB2-74E1-4B24-BB7A-3A4B67832032}.Debug|Any CPU.Build.0 = Debug|Any CPU
		{6DAE9CB2-74E1-4B24-BB7A-3A4B67832032}.Release|Any CPU.ActiveCfg = Release|Any CPU
		{6DAE9CB2-74E1-4B24-BB7A-3A4B67832032}.Release|Any CPU.Build.0 = Release|Any CPU
		{9EC47A96-2F36-4F87-8B93-00D639FC0313}.Debug|Any CPU.ActiveCfg = Debug|Any CPU
		{9EC47A96-2F36-4F87-8B93-00D639FC0313}.Debug|Any CPU.Build.0 = Debug|Any CPU
		{9EC47A96-2F36-4F87-8B93-00D639FC0313}.Release|Any CPU.ActiveCfg = Release|Any CPU
		{9EC47A96-2F36-4F87-8B93-00D639FC0313}.Release|Any CPU.Build.0 = Release|Any CPU
		{665EA826-459F-4DAF-AE6C-45268F8E6CE3}.Debug|Any CPU.ActiveCfg = Debug|Any CPU
		{665EA826-459F-4DAF-AE6C-45268F8E6CE3}.Debug|Any CPU.Build.0 = Debug|Any CPU
		{665EA826-459F-4DAF-AE6C-45268F8E6CE3}.Release|Any CPU.ActiveCfg = Release|Any CPU
		{665EA826-459F-4DAF-AE6C-45268F8E6CE3}.Release|Any CPU.Build.0 = Release|Any CPU
		{30AEF3EF-DBC4-4BEE-ABE9-65C1516AFEA9}.Debug|Any CPU.ActiveCfg = Debug|Any CPU
		{30AEF3EF-DBC4-4BEE-ABE9-65C1516AFEA9}.Debug|Any CPU.Build.0 = Debug|Any CPU
		{30AEF3EF-DBC4-4BEE-ABE9-65C1516AFEA9}.Release|Any CPU.ActiveCfg = Release|Any CPU
		{30AEF3EF-DBC4-4BEE-ABE9-65C1516AFEA9}.Release|Any CPU.Build.0 = Release|Any CPU
		{C3BCC1CB-5DC0-4E9E-BDBA-7F4961582B23}.Debug|Any CPU.ActiveCfg = Debug|Any CPU
		{C3BCC1CB-5DC0-4E9E-BDBA-7F4961582B23}.Debug|Any CPU.Build.0 = Debug|Any CPU
		{C3BCC1CB-5DC0-4E9E-BDBA-7F4961582B23}.Release|Any CPU.ActiveCfg = Release|Any CPU
		{C3BCC1CB-5DC0-4E9E-BDBA-7F4961582B23}.Release|Any CPU.Build.0 = Release|Any CPU
		{EE27A3B9-309F-4977-B8F7-77237F43DB34}.Debug|Any CPU.ActiveCfg = Debug|Any CPU
		{EE27A3B9-309F-4977-B8F7-77237F43DB34}.Debug|Any CPU.Build.0 = Debug|Any CPU
		{EE27A3B9-309F-4977-B8F7-77237F43DB34}.Release|Any CPU.ActiveCfg = Release|Any CPU
		{EE27A3B9-309F-4977-B8F7-77237F43DB34}.Release|Any CPU.Build.0 = Release|Any CPU
		{73622817-EAE0-4D8E-8F2B-AC672FA88555}.Debug|Any CPU.ActiveCfg = Debug|Any CPU
		{73622817-EAE0-4D8E-8F2B-AC672FA88555}.Debug|Any CPU.Build.0 = Debug|Any CPU
		{73622817-EAE0-4D8E-8F2B-AC672FA88555}.Release|Any CPU.ActiveCfg = Release|Any CPU
		{73622817-EAE0-4D8E-8F2B-AC672FA88555}.Release|Any CPU.Build.0 = Release|Any CPU
		{D8A0AF63-B085-4081-A218-679417333785}.Debug|Any CPU.ActiveCfg = Debug|Any CPU
		{D8A0AF63-B085-4081-A218-679417333785}.Debug|Any CPU.Build.0 = Debug|Any CPU
		{D8A0AF63-B085-4081-A218-679417333785}.Release|Any CPU.ActiveCfg = Release|Any CPU
		{D8A0AF63-B085-4081-A218-679417333785}.Release|Any CPU.Build.0 = Release|Any CPU
		{71DBC02F-21CC-4721-9FF7-85780718C7F4}.Debug|Any CPU.ActiveCfg = Debug|Any CPU
		{71DBC02F-21CC-4721-9FF7-85780718C7F4}.Debug|Any CPU.Build.0 = Debug|Any CPU
		{71DBC02F-21CC-4721-9FF7-85780718C7F4}.Release|Any CPU.ActiveCfg = Release|Any CPU
		{71DBC02F-21CC-4721-9FF7-85780718C7F4}.Release|Any CPU.Build.0 = Release|Any CPU
	EndGlobalSection
	GlobalSection(SolutionProperties) = preSolution
		HideSolutionNode = FALSE
	EndGlobalSection
	GlobalSection(NestedProjects) = preSolution
		{9A6BA94B-265F-43DA-B9A8-F4CF0C360F72} = {32815021-BDEB-4667-BC7C-1EDE1E29EFFF}
		{EAEE6A38-51D4-4D25-BA33-B5D74651AABE} = {9A6BA94B-265F-43DA-B9A8-F4CF0C360F72}
		{AD9D7309-2CF6-4FD2-A276-710B7EE2D30A} = {9A6BA94B-265F-43DA-B9A8-F4CF0C360F72}
		{F5CA57F0-8BC5-40A8-8E92-BE59505A6DF7} = {9A6BA94B-265F-43DA-B9A8-F4CF0C360F72}
		{2EF750B7-49E2-4B04-AACF-B927777B8F47} = {32815021-BDEB-4667-BC7C-1EDE1E29EFFF}
		{8FF92B05-8DAC-418A-AA3A-70BC2C986F70} = {2EF750B7-49E2-4B04-AACF-B927777B8F47}
		{BA631FF4-8015-4A46-B500-C3E0BA18385C} = {2EF750B7-49E2-4B04-AACF-B927777B8F47}
		{3C075D57-1C39-4CD4-BE15-00A12E7C708E} = {2EF750B7-49E2-4B04-AACF-B927777B8F47}
		{E19A7DBD-FE1D-4B46-AB9B-2CF7AAC224F8} = {32815021-BDEB-4667-BC7C-1EDE1E29EFFF}
		{8FB940DB-5F3A-427B-95CF-3D452FC0B126} = {E19A7DBD-FE1D-4B46-AB9B-2CF7AAC224F8}
		{7D0A42B5-7A8B-4705-83B2-C548F1950B93} = {E19A7DBD-FE1D-4B46-AB9B-2CF7AAC224F8}
		{FE745231-38ED-4172-B2DD-8C16581D14CC} = {E19A7DBD-FE1D-4B46-AB9B-2CF7AAC224F8}
		{CB35F1D2-96D6-46FA-9A35-4FD0E7721CC0} = {2EF750B7-49E2-4B04-AACF-B927777B8F47}
		{D8DBFDA4-D1E9-4C5A-B36E-9619A7E97AF5} = {9A6BA94B-265F-43DA-B9A8-F4CF0C360F72}
		{B27191E2-6EEC-4A19-851E-5300FFCA0113} = {E19A7DBD-FE1D-4B46-AB9B-2CF7AAC224F8}
		{9EC47A96-2F36-4F87-8B93-00D639FC0313} = {CA29C4C8-A5FF-42ED-A050-FBABA15719F6}
		{96464F64-3349-4A8B-B0CF-73833DFEF946} = {32815021-BDEB-4667-BC7C-1EDE1E29EFFF}
		{98CBE05B-D2FE-45F5-9316-EAE35AAFAE48} = {55A27821-4B9C-488D-B9F5-51CB66D3F5EA}
		{665EA826-459F-4DAF-AE6C-45268F8E6CE3} = {98CBE05B-D2FE-45F5-9316-EAE35AAFAE48}
		{30AEF3EF-DBC4-4BEE-ABE9-65C1516AFEA9} = {98CBE05B-D2FE-45F5-9316-EAE35AAFAE48}
		{C3BCC1CB-5DC0-4E9E-BDBA-7F4961582B23} = {98CBE05B-D2FE-45F5-9316-EAE35AAFAE48}
		{EE27A3B9-309F-4977-B8F7-77237F43DB34} = {98CBE05B-D2FE-45F5-9316-EAE35AAFAE48}
		{73622817-EAE0-4D8E-8F2B-AC672FA88555} = {98CBE05B-D2FE-45F5-9316-EAE35AAFAE48}
		{923D783C-66C0-4E7A-B998-7576C47EF75A} = {9A6BA94B-265F-43DA-B9A8-F4CF0C360F72}
		{71DBC02F-21CC-4721-9FF7-85780718C7F4} = {923D783C-66C0-4E7A-B998-7576C47EF75A}
	EndGlobalSection
	GlobalSection(ExtensibilityGlobals) = postSolution
		SolutionGuid = {E1D69107-5C23-469A-A8EC-5B9EEA105C0C}
	EndGlobalSection
EndGlobal
